
Microsoft Visual Studio Solution File, Format Version 12.00
# Visual Studio Version 17
Project("{8BC9CEB8-8B4A-11D0-8D11-00A0C91BC942}") = "ALL_BUILD", "ALL_BUILD.vcxproj", "{561ABB3D-354F-3159-8C35-99DB92C87EA1}"
	ProjectSection(ProjectDependencies) = postProject
		{912E8E33-3AEF-3451-80C5-5D94D49CE281} = {912E8E33-3AEF-3451-80C5-5D94D49CE281}
		{616048B7-8020-3FF9-AF76-F42B09006C9D} = {616048B7-8020-3FF9-AF76-F42B09006C9D}
		{6F9EAB0F-B98A-3156-A8FF-08276BD21029} = {6F9EAB0F-B98A-3156-A8FF-08276BD21029}
		{C3DCE08E-2EBB-3F00-9BBF-350ADA422C03} = {C3DCE08E-2EBB-3F00-9BBF-350ADA422C03}
		{67A56C9B-B59B-36A9-B3E8-6E4948DC31C8} = {67A56C9B-B59B-36A9-B3E8-6E4948DC31C8}
	EndProjectSection
EndProject
Project("{8BC9CEB8-8B4A-11D0-8D11-00A0C91BC942}") = "INSTALL", "INSTALL.vcxproj", "{D7A8AB37-FA80-3C07-B01E-A3AB628AD9FE}"
	ProjectSection(ProjectDependencies) = postProject
		{561ABB3D-354F-3159-8C35-99DB92C87EA1} = {561ABB3D-354F-3159-8C35-99DB92C87EA1}
		{912E8E33-3AEF-3451-80C5-5D94D49CE281} = {912E8E33-3AEF-3451-80C5-5D94D49CE281}
	EndProjectSection
EndProject
Project("{8BC9CEB8-8B4A-11D0-8D11-00A0C91BC942}") = "RUN_TESTS", "RUN_TESTS.vcxproj", "{0228A05A-1C1B-3103-8A85-45EDA9FBF3F8}"
	ProjectSection(ProjectDependencies) = postProject
		{912E8E33-3AEF-3451-80C5-5D94D49CE281} = {912E8E33-3AEF-3451-80C5-5D94D49CE281}
	EndProjectSection
EndProject
Project("{8BC9CEB8-8B4A-11D0-8D11-00A0C91BC942}") = "ZERO_CHECK", "..\..\..\\ZERO_CHECK.vcxproj", "{912E8E33-3AEF-3451-80C5-5D94D49CE281}"
	ProjectSection(ProjectDependencies) = postProject
	EndProjectSection
EndProject
Project("{8BC9CEB8-8B4A-11D0-8D11-00A0C91BC942}") = "gmock", "googlemock\gmock.vcxproj", "{616048B7-8020-3FF9-AF76-F42B09006C9D}"
	ProjectSection(ProjectDependencies) = postProject
		{912E8E33-3AEF-3451-80C5-5D94D49CE281} = {912E8E33-3AEF-3451-80C5-5D94D49CE281}
	EndProjectSection
EndProject
Project("{8BC9CEB8-8B4A-11D0-8D11-00A0C91BC942}") = "gmock_main", "googlemock\gmock_main.vcxproj", "{6F9EAB0F-B98A-3156-A8FF-08276BD21029}"
	ProjectSection(ProjectDependencies) = postProject
		{912E8E33-3AEF-3451-80C5-5D94D49CE281} = {912E8E33-3AEF-3451-80C5-5D94D49CE281}
	EndProjectSection
EndProject
Project("{8BC9CEB8-8B4A-11D0-8D11-00A0C91BC942}") = "gtest", "googletest\gtest.vcxproj", "{C3DCE08E-2EBB-3F00-9BBF-350ADA422C03}"
	ProjectSection(ProjectDependencies) = postProject
		{912E8E33-3AEF-3451-80C5-5D94D49CE281} = {912E8E33-3AEF-3451-80C5-5D94D49CE281}
	EndProjectSection
EndProject
Project("{8BC9CEB8-8B4A-11D0-8D11-00A0C91BC942}") = "gtest_main", "googletest\gtest_main.vcxproj", "{67A56C9B-B59B-36A9-B3E8-6E4948DC31C8}"
	ProjectSection(ProjectDependencies) = postProject
		{912E8E33-3AEF-3451-80C5-5D94D49CE281} = {912E8E33-3AEF-3451-80C5-5D94D49CE281}
		{C3DCE08E-2EBB-3F00-9BBF-350ADA422C03} = {C3DCE08E-2EBB-3F00-9BBF-350ADA422C03}
	EndProjectSection
EndProject
Global
	GlobalSection(SolutionConfigurationPlatforms) = preSolution
		Debug|x64 = Debug|x64
		Release|x64 = Release|x64
	EndGlobalSection
	GlobalSection(ProjectConfigurationPlatforms) = postSolution
		{561ABB3D-354F-3159-8C35-99DB92C87EA1}.Debug|x64.ActiveCfg = Debug|x64
		{561ABB3D-354F-3159-8C35-99DB92C87EA1}.Debug|x64.Build.0 = Debug|x64
		{561ABB3D-354F-3159-8C35-99DB92C87EA1}.Release|x64.ActiveCfg = Release|x64
		{561ABB3D-354F-3159-8C35-99DB92C87EA1}.Release|x64.Build.0 = Release|x64
		{D7A8AB37-FA80-3C07-B01E-A3AB628AD9FE}.Debug|x64.ActiveCfg = Debug|x64
		{D7A8AB37-FA80-3C07-B01E-A3AB628AD9FE}.Release|x64.ActiveCfg = Release|x64
		{0228A05A-1C1B-3103-8A85-45EDA9FBF3F8}.Debug|x64.ActiveCfg = Debug|x64
		{0228A05A-1C1B-3103-8A85-45EDA9FBF3F8}.Release|x64.ActiveCfg = Release|x64
		{912E8E33-3AEF-3451-80C5-5D94D49CE281}.Debug|x64.ActiveCfg = Debug|x64
		{912E8E33-3AEF-3451-80C5-5D94D49CE281}.Debug|x64.Build.0 = Debug|x64
		{912E8E33-3AEF-3451-80C5-5D94D49CE281}.Release|x64.ActiveCfg = Release|x64
		{912E8E33-3AEF-3451-80C5-5D94D49CE281}.Release|x64.Build.0 = Release|x64
		{616048B7-8020-3FF9-AF76-F42B09006C9D}.Debug|x64.ActiveCfg = Debug|x64
		{616048B7-8020-3FF9-AF76-F42B09006C9D}.Debug|x64.Build.0 = Debug|x64
		{616048B7-8020-3FF9-AF76-F42B09006C9D}.Release|x64.ActiveCfg = Release|x64
		{616048B7-8020-3FF9-AF76-F42B09006C9D}.Release|x64.Build.0 = Release|x64
		{6F9EAB0F-B98A-3156-A8FF-08276BD21029}.Debug|x64.ActiveCfg = Debug|x64
		{6F9EAB0F-B98A-3156-A8FF-08276BD21029}.Debug|x64.Build.0 = Debug|x64
		{6F9EAB0F-B98A-3156-A8FF-08276BD21029}.Release|x64.ActiveCfg = Release|x64
		{6F9EAB0F-B98A-3156-A8FF-08276BD21029}.Release|x64.Build.0 = Release|x64
		{C3DCE08E-2EBB-3F00-9BBF-350ADA422C03}.Debug|x64.ActiveCfg = Debug|x64
		{C3DCE08E-2EBB-3F00-9BBF-350ADA422C03}.Debug|x64.Build.0 = Debug|x64
		{C3DCE08E-2EBB-3F00-9BBF-350ADA422C03}.Release|x64.ActiveCfg = Release|x64
		{C3DCE08E-2EBB-3F00-9BBF-350ADA422C03}.Release|x64.Build.0 = Release|x64
		{67A56C9B-B59B-36A9-B3E8-6E4948DC31C8}.Debug|x64.ActiveCfg = Debug|x64
		{67A56C9B-B59B-36A9-B3E8-6E4948DC31C8}.Debug|x64.Build.0 = Debug|x64
		{67A56C9B-B59B-36A9-B3E8-6E4948DC31C8}.Release|x64.ActiveCfg = Release|x64
		{67A56C9B-B59B-36A9-B3E8-6E4948DC31C8}.Release|x64.Build.0 = Release|x64
	EndGlobalSection
	GlobalSection(ExtensibilityGlobals) = postSolution
		SolutionGuid = {645C794C-D3AF-3B2D-BDC3-77A510AABDA0}
	EndGlobalSection
	GlobalSection(ExtensibilityAddIns) = postSolution
	EndGlobalSection
EndGlobal
