<?xml version="1.0" encoding="utf-8"?>
<Project ToolsVersion="17.0" xmlns="http://schemas.microsoft.com/developer/msbuild/2003">
  <ItemGroup>
    <CustomBuild Include="E:\DataStructures\ce205-final-eray-burak-cakir-cpp\build_win\CMakeFiles\07c98ab662b2ca61950e5bc5d735f130\RUN_TESTS_force.rule">
      <Filter>CMake Rules</Filter>
    </CustomBuild>
  </ItemGroup>
  <ItemGroup>
    <Filter Include="CMake Rules">
      <UniqueIdentifier>{D0AB2FF5-554D-35F3-9552-1F739FE5D837}</UniqueIdentifier>
    </Filter>
  </ItemGroup>
</Project>
